
Microsoft Visual Studio Solution File, Format Version 12.00
# Visual Studio Version 16
VisualStudioVersion = 16.0.29102.190
MinimumVisualStudioVersion = 10.0.40219.1
Project("{FAE04EC0-301F-11D3-BF4B-00C04F79EFBC}") = "ArmaServerSelector", "ArmaServerSelector.csproj", "{50CE1EA8-2AAF-4C92-9594-553423800B4B}"
EndProject
Global
	GlobalSection(SolutionConfigurationPlatforms) = preSolution
		Debug|Any CPU = Debug|Any CPU
		Release|Any CPU = Release|Any CPU
	EndGlobalSection
	GlobalSection(ProjectConfigurationPlatforms) = postSolution
		{50CE1EA8-2AAF-4C92-9594-553423800B4B}.Debug|Any CPU.ActiveCfg = Debug|Any CPU
		{50CE1EA8-2AAF-4C92-9594-553423800B4B}.Debug|Any CPU.Build.0 = Debug|Any CPU
		{50CE1EA8-2AAF-4C92-9594-553423800B4B}.Release|Any CPU.ActiveCfg = Release|Any CPU
		{50CE1EA8-2AAF-4C92-9594-553423800B4B}.Release|Any CPU.Build.0 = Release|Any CPU
	EndGlobalSection
	GlobalSection(SolutionProperties) = preSolution
		HideSolutionNode = FALSE
	EndGlobalSection
	GlobalSection(ExtensibilityGlobals) = postSolution
		SolutionGuid = {BC097F79-97D4-4E67-B7FE-89B97E4D3414}
	EndGlobalSection
EndGlobal
